
Microsoft Visual Studio Solution File, Format Version 12.00
# Visual Studio Version 17
VisualStudioVersion = 17.9.34902.65
MinimumVisualStudioVersion = 10.0.40219.1
Project("{FAE04EC0-301F-11D3-BF4B-00C04F79EFBC}") = "01IntroToCsharp", "01IntroToCsharp\01IntroToCsharp.csproj", "{01D4F5BD-58E5-470C-B57C-C91D8153CD4A}"
EndProject
Project("{FAE04EC0-301F-11D3-BF4B-00C04F79EFBC}") = "02DataConversions", "02DataConversions\02DataConversions.csproj", "{A16DF026-C612-421C-8656-1234AABD7E46}"
EndProject
Global
	GlobalSection(SolutionConfigurationPlatforms) = preSolution
		Debug|Any CPU = Debug|Any CPU
		Release|Any CPU = Release|Any CPU
	EndGlobalSection
	GlobalSection(ProjectConfigurationPlatforms) = postSolution
		{01D4F5BD-58E5-470C-B57C-C91D8153CD4A}.Debug|Any CPU.ActiveCfg = Debug|Any CPU
		{01D4F5BD-58E5-470C-B57C-C91D8153CD4A}.Debug|Any CPU.Build.0 = Debug|Any CPU
		{01D4F5BD-58E5-470C-B57C-C91D8153CD4A}.Release|Any CPU.ActiveCfg = Release|Any CPU
		{01D4F5BD-58E5-470C-B57C-C91D8153CD4A}.Release|Any CPU.Build.0 = Release|Any CPU
		{A16DF026-C612-421C-8656-1234AABD7E46}.Debug|Any CPU.ActiveCfg = Debug|Any CPU
		{A16DF026-C612-421C-8656-1234AABD7E46}.Debug|Any CPU.Build.0 = Debug|Any CPU
		{A16DF026-C612-421C-8656-1234AABD7E46}.Release|Any CPU.ActiveCfg = Release|Any CPU
		{A16DF026-C612-421C-8656-1234AABD7E46}.Release|Any CPU.Build.0 = Release|Any CPU
	EndGlobalSection
	GlobalSection(SolutionProperties) = preSolution
		HideSolutionNode = FALSE
	EndGlobalSection
	GlobalSection(ExtensibilityGlobals) = postSolution
		SolutionGuid = {A0144E9A-7574-4231-9C36-AD2A55E1FD71}
	EndGlobalSection
EndGlobal
