
Microsoft Visual Studio Solution File, Format Version 12.00
# Visual Studio Version 17
VisualStudioVersion = 17.9.34902.65
MinimumVisualStudioVersion = 10.0.40219.1
Project("{9A19103F-16F7-4668-BE54-9A1E7A4F7556}") = "01IntroToCsharp", "01IntroToCsharp\01IntroToCsharp.csproj", "{01D4F5BD-58E5-470C-B57C-C91D8153CD4A}"
EndProject
Project("{9A19103F-16F7-4668-BE54-9A1E7A4F7556}") = "02DataConversions", "02DataConversions\02DataConversions.csproj", "{A16DF026-C612-421C-8656-1234AABD7E46}"
EndProject
Project("{9A19103F-16F7-4668-BE54-9A1E7A4F7556}") = "03Methods", "03Methods\03Methods.csproj", "{A77CAEC7-33BE-4E55-ABA8-3D5348536E63}"
EndProject
Project("{9A19103F-16F7-4668-BE54-9A1E7A4F7556}") = "04MethodReferenceValueTypes", "04MethodReferenceValueTypes\04MethodReferenceValueTypes.csproj", "{AF9EBEFA-6691-4E28-B183-8A210661C96E}"
EndProject
Project("{9A19103F-16F7-4668-BE54-9A1E7A4F7556}") = "05Class", "05Class\05Class.csproj", "{83452D53-1F9A-4690-B0A7-6104E450C831}"
EndProject
Project("{9A19103F-16F7-4668-BE54-9A1E7A4F7556}") = "06StaticDemo", "06StaticDemo\06StaticDemo.csproj", "{DB20EB0A-DA68-48E2-8F93-28C3889B6A21}"
EndProject
Project("{9A19103F-16F7-4668-BE54-9A1E7A4F7556}") = "07PropsDemo", "07PropsDemo\07PropsDemo.csproj", "{91972550-637F-4A87-B224-0383B28AD736}"
EndProject
Project("{9A19103F-16F7-4668-BE54-9A1E7A4F7556}") = "08Inheritance", "08Inheritance\08Inheritance.csproj", "{17521E97-F1A7-4627-AF6F-9606756DAED8}"
EndProject
Project("{9A19103F-16F7-4668-BE54-9A1E7A4F7556}") = "09HidingVsOverriding", "09HidingVsOverriding\09HidingVsOverriding.csproj", "{4798E510-7BE7-4A21-8333-9FCC925EC794}"
EndProject
Project("{9A19103F-16F7-4668-BE54-9A1E7A4F7556}") = "10MoreInfo", "10MoreInfo\10MoreInfo.csproj", "{C58119AD-DF48-47C4-9550-855EEE36507B}"
EndProject
Project("{9A19103F-16F7-4668-BE54-9A1E7A4F7556}") = "11Interfaces", "11Interfaces\11Interfaces.csproj", "{002D78A3-E108-4D83-9578-269A2FC77DA4}"
EndProject
Project("{9A19103F-16F7-4668-BE54-9A1E7A4F7556}") = "Loging", "Loging\Loging.csproj", "{3B994AE2-6693-4849-B32E-8E41EA4CEC3F}"
EndProject
Project("{9A19103F-16F7-4668-BE54-9A1E7A4F7556}") = "13AbstractDemo", "13AbstractDemo\13AbstractDemo.csproj", "{9177C805-5F53-4E54-BCF7-4C105FB6F1DE}"
EndProject
Project("{9A19103F-16F7-4668-BE54-9A1E7A4F7556}") = "14Delegating", "14Delegating\14Delegating.csproj", "{EEB1E969-ED78-4E8D-AEF8-6A3ED4B288B8}"
EndProject
Project("{9A19103F-16F7-4668-BE54-9A1E7A4F7556}") = "15DelegateUseDemo", "15DelegateUseDemo\15DelegateUseDemo.csproj", "{0D0985D1-E787-416F-B70D-803A7FE55A76}"
EndProject
Project("{9A19103F-16F7-4668-BE54-9A1E7A4F7556}") = "16Exceptions", "16Exceptions\16Exceptions.csproj", "{57CFB20A-ED1B-4FE2-B35F-DD7A14911207}"
EndProject
Project("{9A19103F-16F7-4668-BE54-9A1E7A4F7556}") = "17EnumDemo", "17EnumDemo\17EnumDemo.csproj", "{18C0D683-809D-4A7B-A29B-4338F70BAD6E}"
EndProject
Project("{2150E333-8FDC-42A3-9474-1A3956D46DE8}") = "Project-Reference", "Project-Reference", "{D9EBB0BB-B928-4781-92C9-0B16947A12F7}"
EndProject
Project("{9A19103F-16F7-4668-BE54-9A1E7A4F7556}") = "MainProject", "Project-Reference\MainProject\MainProject.csproj", "{CEF32B06-D09A-4BF1-BEE6-D8D06AC4463E}"
EndProject
Project("{9A19103F-16F7-4668-BE54-9A1E7A4F7556}") = "CalculatorLibrary", "Project-Reference\CalculatorLibrary\CalculatorLibrary.csproj", "{E7D5C98F-F310-4EE7-A326-94715BD67814}"
EndProject
Project("{9A19103F-16F7-4668-BE54-9A1E7A4F7556}") = "18Reflection", "18Reflection\18Reflection.csproj", "{7AB26F51-F66E-4EFE-89C3-3B18DFB22EF7}"
EndProject
Project("{9A19103F-16F7-4668-BE54-9A1E7A4F7556}") = "CustomerLibrary", "CustomerLibrary\CustomerLibrary.csproj", "{55868AE6-0B8E-463D-A503-9393FCED5A3D}"
EndProject
Project("{9A19103F-16F7-4668-BE54-9A1E7A4F7556}") = "19EqualsDemo", "19EqualsDemo\19EqualsDemo.csproj", "{A13105DA-55C1-4CCF-86E5-C246AD524D9A}"
EndProject
Project("{9A19103F-16F7-4668-BE54-9A1E7A4F7556}") = "20UtilityGeneric", "20UtilityGeneric\20UtilityGeneric.csproj", "{B2CC269E-AD0D-44D1-AE04-90B912F74A7D}"
EndProject
Project("{9A19103F-16F7-4668-BE54-9A1E7A4F7556}") = "21AgainDelegates", "21AgainDelegates\21AgainDelegates.csproj", "{145DF520-F01B-4165-A526-F9BF7AD4C86A}"
EndProject
Project("{9A19103F-16F7-4668-BE54-9A1E7A4F7556}") = "22Collections", "22Collections\22Collections.csproj", "{38D329B0-6CE3-4C54-8C57-8D128A09BB25}"
EndProject
Project("{9A19103F-16F7-4668-BE54-9A1E7A4F7556}") = "24Dictionary", "24Dictionary\24Dictionary.csproj", "{63F39AEA-B24E-49D4-BA8A-CB992E1810F8}"
EndProject
Project("{9A19103F-16F7-4668-BE54-9A1E7A4F7556}") = "23ListAgain", "23ListAgain\23ListAgain.csproj", "{CC1926DD-76C8-4B3E-AC80-9F00A231EA66}"
EndProject
Project("{9A19103F-16F7-4668-BE54-9A1E7A4F7556}") = "DotNetTips", "DotNetTips\DotNetTips.csproj", "{421757AC-245F-4D23-85A2-171BB0C50D5D}"
EndProject
Project("{FAE04EC0-301F-11D3-BF4B-00C04F79EFBC}") = "PracticeDemo", "PracticeDemo\PracticeDemo.csproj", "{17D95BEC-F44B-4FF7-B5B8-F8D0A3BF0563}"
EndProject
Global
	GlobalSection(SolutionConfigurationPlatforms) = preSolution
		Debug|Any CPU = Debug|Any CPU
		Release|Any CPU = Release|Any CPU
	EndGlobalSection
	GlobalSection(ProjectConfigurationPlatforms) = postSolution
		{01D4F5BD-58E5-470C-B57C-C91D8153CD4A}.Debug|Any CPU.ActiveCfg = Debug|Any CPU
		{01D4F5BD-58E5-470C-B57C-C91D8153CD4A}.Debug|Any CPU.Build.0 = Debug|Any CPU
		{01D4F5BD-58E5-470C-B57C-C91D8153CD4A}.Release|Any CPU.ActiveCfg = Release|Any CPU
		{01D4F5BD-58E5-470C-B57C-C91D8153CD4A}.Release|Any CPU.Build.0 = Release|Any CPU
		{A16DF026-C612-421C-8656-1234AABD7E46}.Debug|Any CPU.ActiveCfg = Debug|Any CPU
		{A16DF026-C612-421C-8656-1234AABD7E46}.Debug|Any CPU.Build.0 = Debug|Any CPU
		{A16DF026-C612-421C-8656-1234AABD7E46}.Release|Any CPU.ActiveCfg = Release|Any CPU
		{A16DF026-C612-421C-8656-1234AABD7E46}.Release|Any CPU.Build.0 = Release|Any CPU
		{A77CAEC7-33BE-4E55-ABA8-3D5348536E63}.Debug|Any CPU.ActiveCfg = Debug|Any CPU
		{A77CAEC7-33BE-4E55-ABA8-3D5348536E63}.Debug|Any CPU.Build.0 = Debug|Any CPU
		{A77CAEC7-33BE-4E55-ABA8-3D5348536E63}.Release|Any CPU.ActiveCfg = Release|Any CPU
		{A77CAEC7-33BE-4E55-ABA8-3D5348536E63}.Release|Any CPU.Build.0 = Release|Any CPU
		{AF9EBEFA-6691-4E28-B183-8A210661C96E}.Debug|Any CPU.ActiveCfg = Debug|Any CPU
		{AF9EBEFA-6691-4E28-B183-8A210661C96E}.Debug|Any CPU.Build.0 = Debug|Any CPU
		{AF9EBEFA-6691-4E28-B183-8A210661C96E}.Release|Any CPU.ActiveCfg = Release|Any CPU
		{AF9EBEFA-6691-4E28-B183-8A210661C96E}.Release|Any CPU.Build.0 = Release|Any CPU
		{83452D53-1F9A-4690-B0A7-6104E450C831}.Debug|Any CPU.ActiveCfg = Debug|Any CPU
		{83452D53-1F9A-4690-B0A7-6104E450C831}.Debug|Any CPU.Build.0 = Debug|Any CPU
		{83452D53-1F9A-4690-B0A7-6104E450C831}.Release|Any CPU.ActiveCfg = Release|Any CPU
		{83452D53-1F9A-4690-B0A7-6104E450C831}.Release|Any CPU.Build.0 = Release|Any CPU
		{DB20EB0A-DA68-48E2-8F93-28C3889B6A21}.Debug|Any CPU.ActiveCfg = Debug|Any CPU
		{DB20EB0A-DA68-48E2-8F93-28C3889B6A21}.Debug|Any CPU.Build.0 = Debug|Any CPU
		{DB20EB0A-DA68-48E2-8F93-28C3889B6A21}.Release|Any CPU.ActiveCfg = Release|Any CPU
		{DB20EB0A-DA68-48E2-8F93-28C3889B6A21}.Release|Any CPU.Build.0 = Release|Any CPU
		{91972550-637F-4A87-B224-0383B28AD736}.Debug|Any CPU.ActiveCfg = Debug|Any CPU
		{91972550-637F-4A87-B224-0383B28AD736}.Debug|Any CPU.Build.0 = Debug|Any CPU
		{91972550-637F-4A87-B224-0383B28AD736}.Release|Any CPU.ActiveCfg = Release|Any CPU
		{91972550-637F-4A87-B224-0383B28AD736}.Release|Any CPU.Build.0 = Release|Any CPU
		{17521E97-F1A7-4627-AF6F-9606756DAED8}.Debug|Any CPU.ActiveCfg = Debug|Any CPU
		{17521E97-F1A7-4627-AF6F-9606756DAED8}.Debug|Any CPU.Build.0 = Debug|Any CPU
		{17521E97-F1A7-4627-AF6F-9606756DAED8}.Release|Any CPU.ActiveCfg = Release|Any CPU
		{17521E97-F1A7-4627-AF6F-9606756DAED8}.Release|Any CPU.Build.0 = Release|Any CPU
		{4798E510-7BE7-4A21-8333-9FCC925EC794}.Debug|Any CPU.ActiveCfg = Debug|Any CPU
		{4798E510-7BE7-4A21-8333-9FCC925EC794}.Debug|Any CPU.Build.0 = Debug|Any CPU
		{4798E510-7BE7-4A21-8333-9FCC925EC794}.Release|Any CPU.ActiveCfg = Release|Any CPU
		{4798E510-7BE7-4A21-8333-9FCC925EC794}.Release|Any CPU.Build.0 = Release|Any CPU
		{C58119AD-DF48-47C4-9550-855EEE36507B}.Debug|Any CPU.ActiveCfg = Debug|Any CPU
		{C58119AD-DF48-47C4-9550-855EEE36507B}.Debug|Any CPU.Build.0 = Debug|Any CPU
		{C58119AD-DF48-47C4-9550-855EEE36507B}.Release|Any CPU.ActiveCfg = Release|Any CPU
		{C58119AD-DF48-47C4-9550-855EEE36507B}.Release|Any CPU.Build.0 = Release|Any CPU
		{002D78A3-E108-4D83-9578-269A2FC77DA4}.Debug|Any CPU.ActiveCfg = Debug|Any CPU
		{002D78A3-E108-4D83-9578-269A2FC77DA4}.Debug|Any CPU.Build.0 = Debug|Any CPU
		{002D78A3-E108-4D83-9578-269A2FC77DA4}.Release|Any CPU.ActiveCfg = Release|Any CPU
		{002D78A3-E108-4D83-9578-269A2FC77DA4}.Release|Any CPU.Build.0 = Release|Any CPU
		{3B994AE2-6693-4849-B32E-8E41EA4CEC3F}.Debug|Any CPU.ActiveCfg = Debug|Any CPU
		{3B994AE2-6693-4849-B32E-8E41EA4CEC3F}.Debug|Any CPU.Build.0 = Debug|Any CPU
		{3B994AE2-6693-4849-B32E-8E41EA4CEC3F}.Release|Any CPU.ActiveCfg = Release|Any CPU
		{3B994AE2-6693-4849-B32E-8E41EA4CEC3F}.Release|Any CPU.Build.0 = Release|Any CPU
		{9177C805-5F53-4E54-BCF7-4C105FB6F1DE}.Debug|Any CPU.ActiveCfg = Debug|Any CPU
		{9177C805-5F53-4E54-BCF7-4C105FB6F1DE}.Debug|Any CPU.Build.0 = Debug|Any CPU
		{9177C805-5F53-4E54-BCF7-4C105FB6F1DE}.Release|Any CPU.ActiveCfg = Release|Any CPU
		{9177C805-5F53-4E54-BCF7-4C105FB6F1DE}.Release|Any CPU.Build.0 = Release|Any CPU
		{EEB1E969-ED78-4E8D-AEF8-6A3ED4B288B8}.Debug|Any CPU.ActiveCfg = Debug|Any CPU
		{EEB1E969-ED78-4E8D-AEF8-6A3ED4B288B8}.Debug|Any CPU.Build.0 = Debug|Any CPU
		{EEB1E969-ED78-4E8D-AEF8-6A3ED4B288B8}.Release|Any CPU.ActiveCfg = Release|Any CPU
		{EEB1E969-ED78-4E8D-AEF8-6A3ED4B288B8}.Release|Any CPU.Build.0 = Release|Any CPU
		{0D0985D1-E787-416F-B70D-803A7FE55A76}.Debug|Any CPU.ActiveCfg = Debug|Any CPU
		{0D0985D1-E787-416F-B70D-803A7FE55A76}.Debug|Any CPU.Build.0 = Debug|Any CPU
		{0D0985D1-E787-416F-B70D-803A7FE55A76}.Release|Any CPU.ActiveCfg = Release|Any CPU
		{0D0985D1-E787-416F-B70D-803A7FE55A76}.Release|Any CPU.Build.0 = Release|Any CPU
		{57CFB20A-ED1B-4FE2-B35F-DD7A14911207}.Debug|Any CPU.ActiveCfg = Debug|Any CPU
		{57CFB20A-ED1B-4FE2-B35F-DD7A14911207}.Debug|Any CPU.Build.0 = Debug|Any CPU
		{57CFB20A-ED1B-4FE2-B35F-DD7A14911207}.Release|Any CPU.ActiveCfg = Release|Any CPU
		{57CFB20A-ED1B-4FE2-B35F-DD7A14911207}.Release|Any CPU.Build.0 = Release|Any CPU
		{18C0D683-809D-4A7B-A29B-4338F70BAD6E}.Debug|Any CPU.ActiveCfg = Debug|Any CPU
		{18C0D683-809D-4A7B-A29B-4338F70BAD6E}.Debug|Any CPU.Build.0 = Debug|Any CPU
		{18C0D683-809D-4A7B-A29B-4338F70BAD6E}.Release|Any CPU.ActiveCfg = Release|Any CPU
		{18C0D683-809D-4A7B-A29B-4338F70BAD6E}.Release|Any CPU.Build.0 = Release|Any CPU
		{CEF32B06-D09A-4BF1-BEE6-D8D06AC4463E}.Debug|Any CPU.ActiveCfg = Debug|Any CPU
		{CEF32B06-D09A-4BF1-BEE6-D8D06AC4463E}.Debug|Any CPU.Build.0 = Debug|Any CPU
		{CEF32B06-D09A-4BF1-BEE6-D8D06AC4463E}.Release|Any CPU.ActiveCfg = Release|Any CPU
		{CEF32B06-D09A-4BF1-BEE6-D8D06AC4463E}.Release|Any CPU.Build.0 = Release|Any CPU
		{E7D5C98F-F310-4EE7-A326-94715BD67814}.Debug|Any CPU.ActiveCfg = Debug|Any CPU
		{E7D5C98F-F310-4EE7-A326-94715BD67814}.Debug|Any CPU.Build.0 = Debug|Any CPU
		{E7D5C98F-F310-4EE7-A326-94715BD67814}.Release|Any CPU.ActiveCfg = Release|Any CPU
		{E7D5C98F-F310-4EE7-A326-94715BD67814}.Release|Any CPU.Build.0 = Release|Any CPU
		{7AB26F51-F66E-4EFE-89C3-3B18DFB22EF7}.Debug|Any CPU.ActiveCfg = Debug|Any CPU
		{7AB26F51-F66E-4EFE-89C3-3B18DFB22EF7}.Debug|Any CPU.Build.0 = Debug|Any CPU
		{7AB26F51-F66E-4EFE-89C3-3B18DFB22EF7}.Release|Any CPU.ActiveCfg = Release|Any CPU
		{7AB26F51-F66E-4EFE-89C3-3B18DFB22EF7}.Release|Any CPU.Build.0 = Release|Any CPU
		{55868AE6-0B8E-463D-A503-9393FCED5A3D}.Debug|Any CPU.ActiveCfg = Debug|Any CPU
		{55868AE6-0B8E-463D-A503-9393FCED5A3D}.Debug|Any CPU.Build.0 = Debug|Any CPU
		{55868AE6-0B8E-463D-A503-9393FCED5A3D}.Release|Any CPU.ActiveCfg = Release|Any CPU
		{55868AE6-0B8E-463D-A503-9393FCED5A3D}.Release|Any CPU.Build.0 = Release|Any CPU
		{A13105DA-55C1-4CCF-86E5-C246AD524D9A}.Debug|Any CPU.ActiveCfg = Debug|Any CPU
		{A13105DA-55C1-4CCF-86E5-C246AD524D9A}.Debug|Any CPU.Build.0 = Debug|Any CPU
		{A13105DA-55C1-4CCF-86E5-C246AD524D9A}.Release|Any CPU.ActiveCfg = Release|Any CPU
		{A13105DA-55C1-4CCF-86E5-C246AD524D9A}.Release|Any CPU.Build.0 = Release|Any CPU
		{B2CC269E-AD0D-44D1-AE04-90B912F74A7D}.Debug|Any CPU.ActiveCfg = Debug|Any CPU
		{B2CC269E-AD0D-44D1-AE04-90B912F74A7D}.Debug|Any CPU.Build.0 = Debug|Any CPU
		{B2CC269E-AD0D-44D1-AE04-90B912F74A7D}.Release|Any CPU.ActiveCfg = Release|Any CPU
		{B2CC269E-AD0D-44D1-AE04-90B912F74A7D}.Release|Any CPU.Build.0 = Release|Any CPU
		{145DF520-F01B-4165-A526-F9BF7AD4C86A}.Debug|Any CPU.ActiveCfg = Debug|Any CPU
		{145DF520-F01B-4165-A526-F9BF7AD4C86A}.Debug|Any CPU.Build.0 = Debug|Any CPU
		{145DF520-F01B-4165-A526-F9BF7AD4C86A}.Release|Any CPU.ActiveCfg = Release|Any CPU
		{145DF520-F01B-4165-A526-F9BF7AD4C86A}.Release|Any CPU.Build.0 = Release|Any CPU
		{38D329B0-6CE3-4C54-8C57-8D128A09BB25}.Debug|Any CPU.ActiveCfg = Debug|Any CPU
		{38D329B0-6CE3-4C54-8C57-8D128A09BB25}.Debug|Any CPU.Build.0 = Debug|Any CPU
		{38D329B0-6CE3-4C54-8C57-8D128A09BB25}.Release|Any CPU.ActiveCfg = Release|Any CPU
		{38D329B0-6CE3-4C54-8C57-8D128A09BB25}.Release|Any CPU.Build.0 = Release|Any CPU
		{63F39AEA-B24E-49D4-BA8A-CB992E1810F8}.Debug|Any CPU.ActiveCfg = Debug|Any CPU
		{63F39AEA-B24E-49D4-BA8A-CB992E1810F8}.Debug|Any CPU.Build.0 = Debug|Any CPU
		{63F39AEA-B24E-49D4-BA8A-CB992E1810F8}.Release|Any CPU.ActiveCfg = Release|Any CPU
		{63F39AEA-B24E-49D4-BA8A-CB992E1810F8}.Release|Any CPU.Build.0 = Release|Any CPU
		{CC1926DD-76C8-4B3E-AC80-9F00A231EA66}.Debug|Any CPU.ActiveCfg = Debug|Any CPU
		{CC1926DD-76C8-4B3E-AC80-9F00A231EA66}.Debug|Any CPU.Build.0 = Debug|Any CPU
		{CC1926DD-76C8-4B3E-AC80-9F00A231EA66}.Release|Any CPU.ActiveCfg = Release|Any CPU
		{CC1926DD-76C8-4B3E-AC80-9F00A231EA66}.Release|Any CPU.Build.0 = Release|Any CPU
		{421757AC-245F-4D23-85A2-171BB0C50D5D}.Debug|Any CPU.ActiveCfg = Debug|Any CPU
		{421757AC-245F-4D23-85A2-171BB0C50D5D}.Debug|Any CPU.Build.0 = Debug|Any CPU
		{421757AC-245F-4D23-85A2-171BB0C50D5D}.Release|Any CPU.ActiveCfg = Release|Any CPU
		{421757AC-245F-4D23-85A2-171BB0C50D5D}.Release|Any CPU.Build.0 = Release|Any CPU
		{17D95BEC-F44B-4FF7-B5B8-F8D0A3BF0563}.Debug|Any CPU.ActiveCfg = Debug|Any CPU
		{17D95BEC-F44B-4FF7-B5B8-F8D0A3BF0563}.Debug|Any CPU.Build.0 = Debug|Any CPU
		{17D95BEC-F44B-4FF7-B5B8-F8D0A3BF0563}.Release|Any CPU.ActiveCfg = Release|Any CPU
		{17D95BEC-F44B-4FF7-B5B8-F8D0A3BF0563}.Release|Any CPU.Build.0 = Release|Any CPU
	EndGlobalSection
	GlobalSection(SolutionProperties) = preSolution
		HideSolutionNode = FALSE
	EndGlobalSection
	GlobalSection(NestedProjects) = preSolution
		{CEF32B06-D09A-4BF1-BEE6-D8D06AC4463E} = {D9EBB0BB-B928-4781-92C9-0B16947A12F7}
		{E7D5C98F-F310-4EE7-A326-94715BD67814} = {D9EBB0BB-B928-4781-92C9-0B16947A12F7}
	EndGlobalSection
	GlobalSection(ExtensibilityGlobals) = postSolution
		SolutionGuid = {A0144E9A-7574-4231-9C36-AD2A55E1FD71}
	EndGlobalSection
EndGlobal
